// !$*UTF8*$!
{
	archiveVersion = 1;
	classes = {
	};
	objectVersion = 46;
	objects = {

/* Begin PBXBuildFile section */
		009AC4D61453648D001C38F5 /* Foundation.framework in Frameworks */ = {isa = PBXBuildFile; fileRef = 009AC4D51453648D001C38F5 /* Foundation.framework */; };
		A563F03B1558901000D5EB48 /* Facebook.h in Headers */ = {isa = PBXBuildFile; fileRef = A563F01D1558900F00D5EB48 /* Facebook.h */; };
		A563F03C1558901000D5EB48 /* Facebook.m in Sources */ = {isa = PBXBuildFile; fileRef = A563F01E1558900F00D5EB48 /* Facebook.m */; };
		A563F03D1558901000D5EB48 /* facebook_ios_sdk_Prefix.pch in Headers */ = {isa = PBXBuildFile; fileRef = A563F01F1558900F00D5EB48 /* facebook_ios_sdk_Prefix.pch */; };
		A563F03E1558901000D5EB48 /* FBConnect.h in Headers */ = {isa = PBXBuildFile; fileRef = A563F0201558900F00D5EB48 /* FBConnect.h */; };
		A563F03F1558901000D5EB48 /* FBDialog.h in Headers */ = {isa = PBXBuildFile; fileRef = A563F0221558900F00D5EB48 /* FBDialog.h */; };
		A563F0401558901000D5EB48 /* FBDialog.m in Sources */ = {isa = PBXBuildFile; fileRef = A563F0231558900F00D5EB48 /* FBDialog.m */; };
		A563F0411558901000D5EB48 /* FBFrictionlessRequestSettings.h in Headers */ = {isa = PBXBuildFile; fileRef = A563F0241558900F00D5EB48 /* FBFrictionlessRequestSettings.h */; };
		A563F0421558901000D5EB48 /* FBFrictionlessRequestSettings.m in Sources */ = {isa = PBXBuildFile; fileRef = A563F0251558900F00D5EB48 /* FBFrictionlessRequestSettings.m */; };
		A563F0431558901000D5EB48 /* FBLoginDialog.h in Headers */ = {isa = PBXBuildFile; fileRef = A563F0261558900F00D5EB48 /* FBLoginDialog.h */; };
		A563F0441558901000D5EB48 /* FBLoginDialog.m in Sources */ = {isa = PBXBuildFile; fileRef = A563F0271558900F00D5EB48 /* FBLoginDialog.m */; };
		A563F0451558901000D5EB48 /* FBRequest.h in Headers */ = {isa = PBXBuildFile; fileRef = A563F0281558900F00D5EB48 /* FBRequest.h */; };
		A563F0461558901000D5EB48 /* FBRequest.m in Sources */ = {isa = PBXBuildFile; fileRef = A563F0291558900F00D5EB48 /* FBRequest.m */; settings = {COMPILER_FLAGS = "-Wno-objc-redundant-literal-use"; }; };
		A563F0471558901000D5EB48 /* JSON.h in Headers */ = {isa = PBXBuildFile; fileRef = A563F02B1558900F00D5EB48 /* JSON.h */; };
		A563F0481558901000D5EB48 /* NSObject+SBJSON.h in Headers */ = {isa = PBXBuildFile; fileRef = A563F02C1558900F00D5EB48 /* NSObject+SBJSON.h */; };
		A563F0491558901000D5EB48 /* NSObject+SBJSON.m in Sources */ = {isa = PBXBuildFile; fileRef = A563F02D1558900F00D5EB48 /* NSObject+SBJSON.m */; };
		A563F04A1558901000D5EB48 /* NSString+SBJSON.h in Headers */ = {isa = PBXBuildFile; fileRef = A563F02E1558900F00D5EB48 /* NSString+SBJSON.h */; };
		A563F04B1558901000D5EB48 /* NSString+SBJSON.m in Sources */ = {isa = PBXBuildFile; fileRef = A563F02F1558900F00D5EB48 /* NSString+SBJSON.m */; };
		A563F04C1558901000D5EB48 /* SBJSON.h in Headers */ = {isa = PBXBuildFile; fileRef = A563F0301558900F00D5EB48 /* SBJSON.h */; };
		A563F04D1558901000D5EB48 /* SBJSON.m in Sources */ = {isa = PBXBuildFile; fileRef = A563F0311558900F00D5EB48 /* SBJSON.m */; };
		A563F04E1558901000D5EB48 /* SBJsonBase.h in Headers */ = {isa = PBXBuildFile; fileRef = A563F0321558900F00D5EB48 /* SBJsonBase.h */; };
		A563F04F1558901000D5EB48 /* SBJsonBase.m in Sources */ = {isa = PBXBuildFile; fileRef = A563F0331558900F00D5EB48 /* SBJsonBase.m */; };
		A563F0501558901000D5EB48 /* SBJsonParser.h in Headers */ = {isa = PBXBuildFile; fileRef = A563F0341558900F00D5EB48 /* SBJsonParser.h */; };
		A563F0511558901000D5EB48 /* SBJsonParser.m in Sources */ = {isa = PBXBuildFile; fileRef = A563F0351558900F00D5EB48 /* SBJsonParser.m */; };
		A563F0521558901000D5EB48 /* SBJsonWriter.h in Headers */ = {isa = PBXBuildFile; fileRef = A563F0361558900F00D5EB48 /* SBJsonWriter.h */; };
		A563F0531558901000D5EB48 /* SBJsonWriter.m in Sources */ = {isa = PBXBuildFile; fileRef = A563F0371558900F00D5EB48 /* SBJsonWriter.m */; };
		A5674BAE1551FC9C0057176E /* FacebookLib.mm in Sources */ = {isa = PBXBuildFile; fileRef = A5674BAD1551FC9C0057176E /* FacebookLib.mm */; };
		A5FADD661551EB0F009BC110 /* NativeLibrary.h in Headers */ = {isa = PBXBuildFile; fileRef = A5FADD641551EB0F009BC110 /* NativeLibrary.h */; };
		A5FADD671551EB0F009BC110 /* NativeLibrary.m in Sources */ = {isa = PBXBuildFile; fileRef = A5FADD651551EB0F009BC110 /* NativeLibrary.m */; };
/* End PBXBuildFile section */

/* Begin PBXFileReference section */
		009AC4D21453648D001C38F5 /* libFacebookLib.a */ = {isa = PBXFileReference; explicitFileType = archive.ar; includeInIndex = 0; path = libFacebookLib.a; sourceTree = BUILT_PRODUCTS_DIR; };
		009AC4D51453648D001C38F5 /* Foundation.framework */ = {isa = PBXFileReference; lastKnownFileType = wrapper.framework; name = Foundation.framework; path = System/Library/Frameworks/Foundation.framework; sourceTree = SDKROOT; };
		A563F01D1558900F00D5EB48 /* Facebook.h */ = {isa = PBXFileReference; fileEncoding = 4; lastKnownFileType = sourcecode.c.h; path = Facebook.h; sourceTree = "<group>"; };
		A563F01E1558900F00D5EB48 /* Facebook.m */ = {isa = PBXFileReference; fileEncoding = 4; lastKnownFileType = sourcecode.c.objc; path = Facebook.m; sourceTree = "<group>"; };
		A563F01F1558900F00D5EB48 /* facebook_ios_sdk_Prefix.pch */ = {isa = PBXFileReference; fileEncoding = 4; lastKnownFileType = sourcecode.c.h; path = facebook_ios_sdk_Prefix.pch; sourceTree = "<group>"; };
		A563F0201558900F00D5EB48 /* FBConnect.h */ = {isa = PBXFileReference; fileEncoding = 4; lastKnownFileType = sourcecode.c.h; path = FBConnect.h; sourceTree = "<group>"; };
		A563F0211558900F00D5EB48 /* FBDialog.bundle */ = {isa = PBXFileReference; lastKnownFileType = "wrapper.plug-in"; path = FBDialog.bundle; sourceTree = "<group>"; };
		A563F0221558900F00D5EB48 /* FBDialog.h */ = {isa = PBXFileReference; fileEncoding = 4; lastKnownFileType = sourcecode.c.h; path = FBDialog.h; sourceTree = "<group>"; };
		A563F0231558900F00D5EB48 /* FBDialog.m */ = {isa = PBXFileReference; fileEncoding = 4; lastKnownFileType = sourcecode.c.objc; path = FBDialog.m; sourceTree = "<group>"; };
		A563F0241558900F00D5EB48 /* FBFrictionlessRequestSettings.h */ = {isa = PBXFileReference; fileEncoding = 4; lastKnownFileType = sourcecode.c.h; path = FBFrictionlessRequestSettings.h; sourceTree = "<group>"; };
		A563F0251558900F00D5EB48 /* FBFrictionlessRequestSettings.m */ = {isa = PBXFileReference; fileEncoding = 4; lastKnownFileType = sourcecode.c.objc; path = FBFrictionlessRequestSettings.m; sourceTree = "<group>"; };
		A563F0261558900F00D5EB48 /* FBLoginDialog.h */ = {isa = PBXFileReference; fileEncoding = 4; lastKnownFileType = sourcecode.c.h; path = FBLoginDialog.h; sourceTree = "<group>"; };
		A563F0271558900F00D5EB48 /* FBLoginDialog.m */ = {isa = PBXFileReference; fileEncoding = 4; lastKnownFileType = sourcecode.c.objc; path = FBLoginDialog.m; sourceTree = "<group>"; };
		A563F0281558900F00D5EB48 /* FBRequest.h */ = {isa = PBXFileReference; fileEncoding = 4; lastKnownFileType = sourcecode.c.h; path = FBRequest.h; sourceTree = "<group>"; };
		A563F0291558900F00D5EB48 /* FBRequest.m */ = {isa = PBXFileReference; fileEncoding = 4; lastKnownFileType = sourcecode.c.objc; path = FBRequest.m; sourceTree = "<group>"; };
		A563F02B1558900F00D5EB48 /* JSON.h */ = {isa = PBXFileReference; fileEncoding = 4; lastKnownFileType = sourcecode.c.h; path = JSON.h; sourceTree = "<group>"; };
		A563F02C1558900F00D5EB48 /* NSObject+SBJSON.h */ = {isa = PBXFileReference; fileEncoding = 4; lastKnownFileType = sourcecode.c.h; path = "NSObject+SBJSON.h"; sourceTree = "<group>"; };
		A563F02D1558900F00D5EB48 /* NSObject+SBJSON.m */ = {isa = PBXFileReference; fileEncoding = 4; lastKnownFileType = sourcecode.c.objc; path = "NSObject+SBJSON.m"; sourceTree = "<group>"; };
		A563F02E1558900F00D5EB48 /* NSString+SBJSON.h */ = {isa = PBXFileReference; fileEncoding = 4; lastKnownFileType = sourcecode.c.h; path = "NSString+SBJSON.h"; sourceTree = "<group>"; };
		A563F02F1558900F00D5EB48 /* NSString+SBJSON.m */ = {isa = PBXFileReference; fileEncoding = 4; lastKnownFileType = sourcecode.c.objc; path = "NSString+SBJSON.m"; sourceTree = "<group>"; };
		A563F0301558900F00D5EB48 /* SBJSON.h */ = {isa = PBXFileReference; fileEncoding = 4; lastKnownFileType = sourcecode.c.h; path = SBJSON.h; sourceTree = "<group>"; };
		A563F0311558900F00D5EB48 /* SBJSON.m */ = {isa = PBXFileReference; fileEncoding = 4; lastKnownFileType = sourcecode.c.objc; path = SBJSON.m; sourceTree = "<group>"; };
		A563F0321558900F00D5EB48 /* SBJsonBase.h */ = {isa = PBXFileReference; fileEncoding = 4; lastKnownFileType = sourcecode.c.h; path = SBJsonBase.h; sourceTree = "<group>"; };
		A563F0331558900F00D5EB48 /* SBJsonBase.m */ = {isa = PBXFileReference; fileEncoding = 4; lastKnownFileType = sourcecode.c.objc; path = SBJsonBase.m; sourceTree = "<group>"; };
		A563F0341558900F00D5EB48 /* SBJsonParser.h */ = {isa = PBXFileReference; fileEncoding = 4; lastKnownFileType = sourcecode.c.h; path = SBJsonParser.h; sourceTree = "<group>"; };
		A563F0351558900F00D5EB48 /* SBJsonParser.m */ = {isa = PBXFileReference; fileEncoding = 4; lastKnownFileType = sourcecode.c.objc; path = SBJsonParser.m; sourceTree = "<group>"; };
		A563F0361558900F00D5EB48 /* SBJsonWriter.h */ = {isa = PBXFileReference; fileEncoding = 4; lastKnownFileType = sourcecode.c.h; path = SBJsonWriter.h; sourceTree = "<group>"; };
		A563F0371558900F00D5EB48 /* SBJsonWriter.m */ = {isa = PBXFileReference; fileEncoding = 4; lastKnownFileType = sourcecode.c.objc; path = SBJsonWriter.m; sourceTree = "<group>"; };
		A5674BAD1551FC9C0057176E /* FacebookLib.mm */ = {isa = PBXFileReference; fileEncoding = 4; lastKnownFileType = sourcecode.cpp.objcpp; path = FacebookLib.mm; sourceTree = SOURCE_ROOT; };
		A5FADD641551EB0F009BC110 /* NativeLibrary.h */ = {isa = PBXFileReference; fileEncoding = 4; lastKnownFileType = sourcecode.c.h; path = NativeLibrary.h; sourceTree = "<group>"; };
		A5FADD651551EB0F009BC110 /* NativeLibrary.m */ = {isa = PBXFileReference; fileEncoding = 4; lastKnownFileType = sourcecode.c.objc; path = NativeLibrary.m; sourceTree = "<group>"; };
/* End PBXFileReference section */

/* Begin PBXFrameworksBuildPhase section */
		009AC4CF1453648D001C38F5 /* Frameworks */ = {
			isa = PBXFrameworksBuildPhase;
			buildActionMask = 2147483647;
			files = (
				009AC4D61453648D001C38F5 /* Foundation.framework in Frameworks */,
			);
			runOnlyForDeploymentPostprocessing = 0;
		};
/* End PBXFrameworksBuildPhase section */

/* Begin PBXGroup section */
		009AC4C71453648D001C38F5 = {
			isa = PBXGroup;
			children = (
				A5FADD631551EB0F009BC110 /* ane */,
				A563F0191558900F00D5EB48 /* fb */,
				A5674BAD1551FC9C0057176E /* FacebookLib.mm */,
				009AC4D41453648D001C38F5 /* Frameworks */,
				009AC4D31453648D001C38F5 /* Products */,
			);
			sourceTree = "<group>";
		};
		009AC4D31453648D001C38F5 /* Products */ = {
			isa = PBXGroup;
			children = (
				009AC4D21453648D001C38F5 /* libFacebookLib.a */,
			);
			name = Products;
			sourceTree = "<group>";
		};
		009AC4D41453648D001C38F5 /* Frameworks */ = {
			isa = PBXGroup;
			children = (
				009AC4D51453648D001C38F5 /* Foundation.framework */,
			);
			name = Frameworks;
			sourceTree = "<group>";
		};
		A563F0191558900F00D5EB48 /* fb */ = {
			isa = PBXGroup;
			children = (
				A563F01D1558900F00D5EB48 /* Facebook.h */,
				A563F01E1558900F00D5EB48 /* Facebook.m */,
				A563F01F1558900F00D5EB48 /* facebook_ios_sdk_Prefix.pch */,
				A563F0201558900F00D5EB48 /* FBConnect.h */,
				A563F0211558900F00D5EB48 /* FBDialog.bundle */,
				A563F0221558900F00D5EB48 /* FBDialog.h */,
				A563F0231558900F00D5EB48 /* FBDialog.m */,
				A563F0241558900F00D5EB48 /* FBFrictionlessRequestSettings.h */,
				A563F0251558900F00D5EB48 /* FBFrictionlessRequestSettings.m */,
				A563F0261558900F00D5EB48 /* FBLoginDialog.h */,
				A563F0271558900F00D5EB48 /* FBLoginDialog.m */,
				A563F0281558900F00D5EB48 /* FBRequest.h */,
				A563F0291558900F00D5EB48 /* FBRequest.m */,
				A563F02A1558900F00D5EB48 /* JSON */,
			);
			name = fb;
			path = fb/src;
			sourceTree = "<group>";
		};
		A563F02A1558900F00D5EB48 /* JSON */ = {
			isa = PBXGroup;
			children = (
				A563F02B1558900F00D5EB48 /* JSON.h */,
				A563F02C1558900F00D5EB48 /* NSObject+SBJSON.h */,
				A563F02D1558900F00D5EB48 /* NSObject+SBJSON.m */,
				A563F02E1558900F00D5EB48 /* NSString+SBJSON.h */,
				A563F02F1558900F00D5EB48 /* NSString+SBJSON.m */,
				A563F0301558900F00D5EB48 /* SBJSON.h */,
				A563F0311558900F00D5EB48 /* SBJSON.m */,
				A563F0321558900F00D5EB48 /* SBJsonBase.h */,
				A563F0331558900F00D5EB48 /* SBJsonBase.m */,
				A563F0341558900F00D5EB48 /* SBJsonParser.h */,
				A563F0351558900F00D5EB48 /* SBJsonParser.m */,
				A563F0361558900F00D5EB48 /* SBJsonWriter.h */,
				A563F0371558900F00D5EB48 /* SBJsonWriter.m */,
			);
			path = JSON;
			sourceTree = "<group>";
		};
		A5FADD631551EB0F009BC110 /* ane */ = {
			isa = PBXGroup;
			children = (
				A5FADD641551EB0F009BC110 /* NativeLibrary.h */,
				A5FADD651551EB0F009BC110 /* NativeLibrary.m */,
			);
			name = ane;
			path = ane/src;
			sourceTree = "<group>";
		};
/* End PBXGroup section */

/* Begin PBXHeadersBuildPhase section */
		009AC4D01453648D001C38F5 /* Headers */ = {
			isa = PBXHeadersBuildPhase;
			buildActionMask = 2147483647;
			files = (
				A5FADD661551EB0F009BC110 /* NativeLibrary.h in Headers */,
				A563F03B1558901000D5EB48 /* Facebook.h in Headers */,
				A563F03D1558901000D5EB48 /* facebook_ios_sdk_Prefix.pch in Headers */,
				A563F03E1558901000D5EB48 /* FBConnect.h in Headers */,
				A563F03F1558901000D5EB48 /* FBDialog.h in Headers */,
				A563F0411558901000D5EB48 /* FBFrictionlessRequestSettings.h in Headers */,
				A563F0431558901000D5EB48 /* FBLoginDialog.h in Headers */,
				A563F0451558901000D5EB48 /* FBRequest.h in Headers */,
				A563F0471558901000D5EB48 /* JSON.h in Headers */,
				A563F0481558901000D5EB48 /* NSObject+SBJSON.h in Headers */,
				A563F04A1558901000D5EB48 /* NSString+SBJSON.h in Headers */,
				A563F04C1558901000D5EB48 /* SBJSON.h in Headers */,
				A563F04E1558901000D5EB48 /* SBJsonBase.h in Headers */,
				A563F0501558901000D5EB48 /* SBJsonParser.h in Headers */,
				A563F0521558901000D5EB48 /* SBJsonWriter.h in Headers */,
			);
			runOnlyForDeploymentPostprocessing = 0;
		};
/* End PBXHeadersBuildPhase section */

/* Begin PBXNativeTarget section */
		009AC4D11453648D001C38F5 /* FacebookLib */ = {
			isa = PBXNativeTarget;
			buildConfigurationList = 009AC4DF1453648D001C38F5 /* Build configuration list for PBXNativeTarget "FacebookLib" */;
			buildPhases = (
				009AC4CE1453648D001C38F5 /* Sources */,
				009AC4CF1453648D001C38F5 /* Frameworks */,
				009AC4D01453648D001C38F5 /* Headers */,
			);
			buildRules = (
			);
			dependencies = (
			);
			name = FacebookLib;
			productName = Facebook;
			productReference = 009AC4D21453648D001C38F5 /* libFacebookLib.a */;
			productType = "com.apple.product-type.library.static";
		};
/* End PBXNativeTarget section */

/* Begin PBXProject section */
		009AC4C91453648D001C38F5 /* Project object */ = {
			isa = PBXProject;
			attributes = {
				LastUpgradeCheck = 0430;
			};
			buildConfigurationList = 009AC4CC1453648D001C38F5 /* Build configuration list for PBXProject "Facebook" */;
			compatibilityVersion = "Xcode 3.2";
			developmentRegion = English;
			hasScannedForEncodings = 0;
			knownRegions = (
				en,
			);
			mainGroup = 009AC4C71453648D001C38F5;
			productRefGroup = 009AC4D31453648D001C38F5 /* Products */;
			projectDirPath = "";
			projectRoot = "";
			targets = (
				009AC4D11453648D001C38F5 /* FacebookLib */,
			);
		};
/* End PBXProject section */

/* Begin PBXSourcesBuildPhase section */
		009AC4CE1453648D001C38F5 /* Sources */ = {
			isa = PBXSourcesBuildPhase;
			buildActionMask = 2147483647;
			files = (
				A5FADD671551EB0F009BC110 /* NativeLibrary.m in Sources */,
				A5674BAE1551FC9C0057176E /* FacebookLib.mm in Sources */,
				A563F03C1558901000D5EB48 /* Facebook.m in Sources */,
				A563F0401558901000D5EB48 /* FBDialog.m in Sources */,
				A563F0421558901000D5EB48 /* FBFrictionlessRequestSettings.m in Sources */,
				A563F0441558901000D5EB48 /* FBLoginDialog.m in Sources */,
				A563F0461558901000D5EB48 /* FBRequest.m in Sources */,
				A563F0491558901000D5EB48 /* NSObject+SBJSON.m in Sources */,
				A563F04B1558901000D5EB48 /* NSString+SBJSON.m in Sources */,
				A563F04D1558901000D5EB48 /* SBJSON.m in Sources */,
				A563F04F1558901000D5EB48 /* SBJsonBase.m in Sources */,
				A563F0511558901000D5EB48 /* SBJsonParser.m in Sources */,
				A563F0531558901000D5EB48 /* SBJsonWriter.m in Sources */,
			);
			runOnlyForDeploymentPostprocessing = 0;
		};
/* End PBXSourcesBuildPhase section */

/* Begin XCBuildConfiguration section */
		009AC4DD1453648D001C38F5 /* Debug */ = {
			isa = XCBuildConfiguration;
			buildSettings = {
				ALWAYS_SEARCH_USER_PATHS = NO;
				ARCHS = "$(ARCHS_STANDARD_32_BIT)";
				CLANG_ENABLE_OBJC_ARC = YES;
				COPY_PHASE_STRIP = NO;
				GCC_C_LANGUAGE_STANDARD = gnu99;
				GCC_DYNAMIC_NO_PIC = NO;
				GCC_OPTIMIZATION_LEVEL = 0;
				GCC_PREPROCESSOR_DEFINITIONS = (
					"DEBUG=1",
					"$(inherited)",
				);
				GCC_SYMBOLS_PRIVATE_EXTERN = NO;
				GCC_VERSION = com.apple.compilers.llvm.clang.1_0;
				GCC_WARN_ABOUT_MISSING_PROTOTYPES = YES;
				GCC_WARN_ABOUT_RETURN_TYPE = YES;
				GCC_WARN_UNUSED_VARIABLE = YES;
				HEADER_SEARCH_PATHS = "$(FLEX_SDK)/include";
				IPHONEOS_DEPLOYMENT_TARGET = 5.0;
				SDKROOT = iphoneos;
			};
			name = Debug;
		};
		009AC4DE1453648D001C38F5 /* Release */ = {
			isa = XCBuildConfiguration;
			buildSettings = {
				ALWAYS_SEARCH_USER_PATHS = NO;
				ARCHS = "$(ARCHS_STANDARD_32_BIT)";
				CLANG_ENABLE_OBJC_ARC = YES;
				COPY_PHASE_STRIP = YES;
				GCC_C_LANGUAGE_STANDARD = gnu99;
				GCC_VERSION = com.apple.compilers.llvm.clang.1_0;
				GCC_WARN_ABOUT_MISSING_PROTOTYPES = YES;
				GCC_WARN_ABOUT_RETURN_TYPE = YES;
				GCC_WARN_UNUSED_VARIABLE = YES;
				HEADER_SEARCH_PATHS = "$(FLEX_SDK)/include";
				IPHONEOS_DEPLOYMENT_TARGET = 5.0;
				SDKROOT = iphoneos;
				VALIDATE_PRODUCT = YES;
			};
			name = Release;
		};
		009AC4E01453648D001C38F5 /* Debug */ = {
			isa = XCBuildConfiguration;
			buildSettings = {
				CLANG_ENABLE_OBJC_ARC = NO;
				DSTROOT = "";
				GCC_WARN_ABOUT_MISSING_PROTOTYPES = NO;
				IPHONEOS_DEPLOYMENT_TARGET = 4.2;
				OTHER_LDFLAGS = "-ObjC";
				PRODUCT_NAME = FacebookLib;
				SKIP_INSTALL = YES;
				TARGETED_DEVICE_FAMILY = "1,2";
			};
			name = Debug;
		};
		009AC4E11453648D001C38F5 /* Release */ = {
			isa = XCBuildConfiguration;
			buildSettings = {
				CLANG_ENABLE_OBJC_ARC = NO;
				DSTROOT = "";
				GCC_WARN_ABOUT_MISSING_PROTOTYPES = NO;
				IPHONEOS_DEPLOYMENT_TARGET = 4.2;
				OTHER_LDFLAGS = "-ObjC";
				PRODUCT_NAME = FacebookLib;
				SKIP_INSTALL = YES;
				TARGETED_DEVICE_FAMILY = "1,2";
			};
			name = Release;
		};
/* End XCBuildConfiguration section */

/* Begin XCConfigurationList section */
		009AC4CC1453648D001C38F5 /* Build configuration list for PBXProject "Facebook" */ = {
			isa = XCConfigurationList;
			buildConfigurations = (
				009AC4DD1453648D001C38F5 /* Debug */,
				009AC4DE1453648D001C38F5 /* Release */,
			);
			defaultConfigurationIsVisible = 0;
			defaultConfigurationName = Release;
		};
		009AC4DF1453648D001C38F5 /* Build configuration list for PBXNativeTarget "FacebookLib" */ = {
			isa = XCConfigurationList;
			buildConfigurations = (
				009AC4E01453648D001C38F5 /* Debug */,
				009AC4E11453648D001C38F5 /* Release */,
			);
			defaultConfigurationIsVisible = 0;
			defaultConfigurationName = Release;
		};
/* End XCConfigurationList section */
	};
	rootObject = 009AC4C91453648D001C38F5 /* Project object */;
}
