// !$*UTF8*$!
{
	archiveVersion = 1;
	classes = {
	};
	objectVersion = 46;
	objects = {

/* Begin PBXBuildFile section */
		009AC4D61453648D001C38F5 /* Foundation.framework in Frameworks */ = {isa = PBXBuildFile; fileRef = 009AC4D51453648D001C38F5 /* Foundation.framework */; };
		A5674BAE1551FC9C0057176E /* FacebookLib.mm in Sources */ = {isa = PBXBuildFile; fileRef = A5674BAD1551FC9C0057176E /* FacebookLib.mm */; };
		A57500D81630C7F4007D5217 /* NativeLibrary.h in Headers */ = {isa = PBXBuildFile; fileRef = A57500D51630C7F4007D5217 /* NativeLibrary.h */; };
		A57500D91630C7F4007D5217 /* NativeLibrary.m in Sources */ = {isa = PBXBuildFile; fileRef = A57500D61630C7F4007D5217 /* NativeLibrary.m */; };
		A58EA5FA1631332700A161F2 /* FBNativeDialogs.h in Headers */ = {isa = PBXBuildFile; fileRef = A58EA5F71631332700A161F2 /* FBNativeDialogs.h */; };
		A58EA5FB1631332700A161F2 /* FBNativeDialogs.m in Sources */ = {isa = PBXBuildFile; fileRef = A58EA5F81631332700A161F2 /* FBNativeDialogs.m */; };
		A58EA5FC1631332700A161F2 /* FBSDKVersion.h in Headers */ = {isa = PBXBuildFile; fileRef = A58EA5F91631332700A161F2 /* FBSDKVersion.h */; };
		A58EA606163133C900A161F2 /* FBSBJSON.h in Headers */ = {isa = PBXBuildFile; fileRef = A58EA5FE163133C900A161F2 /* FBSBJSON.h */; };
		A58EA607163133C900A161F2 /* FBSBJSON.m in Sources */ = {isa = PBXBuildFile; fileRef = A58EA5FF163133C900A161F2 /* FBSBJSON.m */; };
		A58EA608163133C900A161F2 /* FBSBJsonBase.h in Headers */ = {isa = PBXBuildFile; fileRef = A58EA600163133C900A161F2 /* FBSBJsonBase.h */; };
		A58EA609163133C900A161F2 /* FBSBJsonBase.m in Sources */ = {isa = PBXBuildFile; fileRef = A58EA601163133C900A161F2 /* FBSBJsonBase.m */; };
		A58EA60A163133C900A161F2 /* FBSBJsonParser.h in Headers */ = {isa = PBXBuildFile; fileRef = A58EA602163133C900A161F2 /* FBSBJsonParser.h */; };
		A58EA60B163133C900A161F2 /* FBSBJsonParser.m in Sources */ = {isa = PBXBuildFile; fileRef = A58EA603163133C900A161F2 /* FBSBJsonParser.m */; };
		A58EA60C163133C900A161F2 /* FBSBJsonWriter.h in Headers */ = {isa = PBXBuildFile; fileRef = A58EA604163133C900A161F2 /* FBSBJsonWriter.h */; };
		A58EA60D163133C900A161F2 /* FBSBJsonWriter.m in Sources */ = {isa = PBXBuildFile; fileRef = A58EA605163133C900A161F2 /* FBSBJsonWriter.m */; };
		A5D12BD91628DAE000CD4D8E /* Facebook.h in Headers */ = {isa = PBXBuildFile; fileRef = A5D12B511628DAE000CD4D8E /* Facebook.h */; };
		A5D12BDA1628DAE000CD4D8E /* Facebook.m in Sources */ = {isa = PBXBuildFile; fileRef = A5D12B521628DAE000CD4D8E /* Facebook.m */; };
		A5D12BDB1628DAE000CD4D8E /* facebook_ios_sdk_Prefix.pch in Headers */ = {isa = PBXBuildFile; fileRef = A5D12B531628DAE000CD4D8E /* facebook_ios_sdk_Prefix.pch */; };
		A5D12BDC1628DAE000CD4D8E /* FacebookSDK.h in Headers */ = {isa = PBXBuildFile; fileRef = A5D12B541628DAE000CD4D8E /* FacebookSDK.h */; };
		A5D12BDD1628DAE000CD4D8E /* FBCacheDescriptor.h in Headers */ = {isa = PBXBuildFile; fileRef = A5D12B561628DAE000CD4D8E /* FBCacheDescriptor.h */; };
		A5D12BDE1628DAE000CD4D8E /* FBCacheDescriptor.m in Sources */ = {isa = PBXBuildFile; fileRef = A5D12B571628DAE000CD4D8E /* FBCacheDescriptor.m */; };
		A5D12BDF1628DAE000CD4D8E /* FBCacheIndex.h in Headers */ = {isa = PBXBuildFile; fileRef = A5D12B581628DAE000CD4D8E /* FBCacheIndex.h */; };
		A5D12BE01628DAE000CD4D8E /* FBCacheIndex.m in Sources */ = {isa = PBXBuildFile; fileRef = A5D12B591628DAE000CD4D8E /* FBCacheIndex.m */; };
		A5D12BE11628DAE000CD4D8E /* FBConnect.h in Headers */ = {isa = PBXBuildFile; fileRef = A5D12B5A1628DAE000CD4D8E /* FBConnect.h */; };
		A5D12BE21628DAE000CD4D8E /* FBContentLink.h in Headers */ = {isa = PBXBuildFile; fileRef = A5D12B5B1628DAE000CD4D8E /* FBContentLink.h */; };
		A5D12BE31628DAE000CD4D8E /* FBContentLink.m in Sources */ = {isa = PBXBuildFile; fileRef = A5D12B5C1628DAE000CD4D8E /* FBContentLink.m */; };
		A5D12BE41628DAE000CD4D8E /* FBDataDiskCache.h in Headers */ = {isa = PBXBuildFile; fileRef = A5D12B5D1628DAE000CD4D8E /* FBDataDiskCache.h */; };
		A5D12BE51628DAE000CD4D8E /* FBDataDiskCache.m in Sources */ = {isa = PBXBuildFile; fileRef = A5D12B5E1628DAE000CD4D8E /* FBDataDiskCache.m */; };
		A5D12BE61628DAE000CD4D8E /* FBDialog.h in Headers */ = {isa = PBXBuildFile; fileRef = A5D12B5F1628DAE000CD4D8E /* FBDialog.h */; };
		A5D12BE71628DAE000CD4D8E /* FBDialog.m in Sources */ = {isa = PBXBuildFile; fileRef = A5D12B601628DAE000CD4D8E /* FBDialog.m */; };
		A5D12BE81628DAE000CD4D8E /* FBError.h in Headers */ = {isa = PBXBuildFile; fileRef = A5D12B611628DAE000CD4D8E /* FBError.h */; };
		A5D12BE91628DAE000CD4D8E /* FBError.m in Sources */ = {isa = PBXBuildFile; fileRef = A5D12B621628DAE000CD4D8E /* FBError.m */; };
		A5D12BEA1628DAE000CD4D8E /* FBFrictionlessRequestSettings.h in Headers */ = {isa = PBXBuildFile; fileRef = A5D12B631628DAE000CD4D8E /* FBFrictionlessRequestSettings.h */; };
		A5D12BEB1628DAE000CD4D8E /* FBFrictionlessRequestSettings.m in Sources */ = {isa = PBXBuildFile; fileRef = A5D12B641628DAE000CD4D8E /* FBFrictionlessRequestSettings.m */; };
		A5D12BEC1628DAE000CD4D8E /* FBFriendPickerCacheDescriptor.h in Headers */ = {isa = PBXBuildFile; fileRef = A5D12B651628DAE000CD4D8E /* FBFriendPickerCacheDescriptor.h */; };
		A5D12BED1628DAE000CD4D8E /* FBFriendPickerCacheDescriptor.m in Sources */ = {isa = PBXBuildFile; fileRef = A5D12B661628DAE000CD4D8E /* FBFriendPickerCacheDescriptor.m */; };
		A5D12BEE1628DAE000CD4D8E /* FBFriendPickerViewController+Internal.h in Headers */ = {isa = PBXBuildFile; fileRef = A5D12B671628DAE000CD4D8E /* FBFriendPickerViewController+Internal.h */; };
		A5D12BEF1628DAE000CD4D8E /* FBFriendPickerViewController.h in Headers */ = {isa = PBXBuildFile; fileRef = A5D12B681628DAE000CD4D8E /* FBFriendPickerViewController.h */; };
		A5D12BF01628DAE000CD4D8E /* FBFriendPickerViewController.m in Sources */ = {isa = PBXBuildFile; fileRef = A5D12B691628DAE000CD4D8E /* FBFriendPickerViewController.m */; };
		A5D12BF11628DAE000CD4D8E /* FBGraphLocation.h in Headers */ = {isa = PBXBuildFile; fileRef = A5D12B6A1628DAE000CD4D8E /* FBGraphLocation.h */; };
		A5D12BF21628DAE000CD4D8E /* FBGraphObject.h in Headers */ = {isa = PBXBuildFile; fileRef = A5D12B6B1628DAE000CD4D8E /* FBGraphObject.h */; };
		A5D12BF31628DAE000CD4D8E /* FBGraphObject.m in Sources */ = {isa = PBXBuildFile; fileRef = A5D12B6C1628DAE000CD4D8E /* FBGraphObject.m */; };
		A5D12BF41628DAE000CD4D8E /* FBGraphObjectPagingLoader.h in Headers */ = {isa = PBXBuildFile; fileRef = A5D12B6D1628DAE000CD4D8E /* FBGraphObjectPagingLoader.h */; };
		A5D12BF51628DAE000CD4D8E /* FBGraphObjectPagingLoader.m in Sources */ = {isa = PBXBuildFile; fileRef = A5D12B6E1628DAE000CD4D8E /* FBGraphObjectPagingLoader.m */; };
		A5D12BF61628DAE000CD4D8E /* FBGraphObjectTableCell.h in Headers */ = {isa = PBXBuildFile; fileRef = A5D12B6F1628DAE000CD4D8E /* FBGraphObjectTableCell.h */; };
		A5D12BF71628DAE000CD4D8E /* FBGraphObjectTableCell.m in Sources */ = {isa = PBXBuildFile; fileRef = A5D12B701628DAE000CD4D8E /* FBGraphObjectTableCell.m */; };
		A5D12BF81628DAE000CD4D8E /* FBGraphObjectTableDataSource.h in Headers */ = {isa = PBXBuildFile; fileRef = A5D12B711628DAE000CD4D8E /* FBGraphObjectTableDataSource.h */; };
		A5D12BF91628DAE000CD4D8E /* FBGraphObjectTableDataSource.m in Sources */ = {isa = PBXBuildFile; fileRef = A5D12B721628DAE000CD4D8E /* FBGraphObjectTableDataSource.m */; };
		A5D12BFA1628DAE000CD4D8E /* FBGraphObjectTableSelection.h in Headers */ = {isa = PBXBuildFile; fileRef = A5D12B731628DAE000CD4D8E /* FBGraphObjectTableSelection.h */; };
		A5D12BFB1628DAE000CD4D8E /* FBGraphObjectTableSelection.m in Sources */ = {isa = PBXBuildFile; fileRef = A5D12B741628DAE000CD4D8E /* FBGraphObjectTableSelection.m */; };
		A5D12BFC1628DAE000CD4D8E /* FBGraphPlace.h in Headers */ = {isa = PBXBuildFile; fileRef = A5D12B751628DAE000CD4D8E /* FBGraphPlace.h */; };
		A5D12BFD1628DAE000CD4D8E /* FBGraphUser.h in Headers */ = {isa = PBXBuildFile; fileRef = A5D12B761628DAE000CD4D8E /* FBGraphUser.h */; };
		A5D12BFE1628DAE000CD4D8E /* FBLogger.h in Headers */ = {isa = PBXBuildFile; fileRef = A5D12B771628DAE000CD4D8E /* FBLogger.h */; };
		A5D12BFF1628DAE000CD4D8E /* FBLogger.m in Sources */ = {isa = PBXBuildFile; fileRef = A5D12B781628DAE000CD4D8E /* FBLogger.m */; };
		A5D12C001628DAE000CD4D8E /* FBLoginDialog.h in Headers */ = {isa = PBXBuildFile; fileRef = A5D12B791628DAE000CD4D8E /* FBLoginDialog.h */; };
		A5D12C011628DAE000CD4D8E /* FBLoginDialog.m in Sources */ = {isa = PBXBuildFile; fileRef = A5D12B7A1628DAE000CD4D8E /* FBLoginDialog.m */; };
		A5D12C021628DAE000CD4D8E /* FBLoginView.h in Headers */ = {isa = PBXBuildFile; fileRef = A5D12B7B1628DAE000CD4D8E /* FBLoginView.h */; };
		A5D12C031628DAE000CD4D8E /* FBLoginView.m in Sources */ = {isa = PBXBuildFile; fileRef = A5D12B7C1628DAE000CD4D8E /* FBLoginView.m */; };
		A5D12C041628DAE000CD4D8E /* FBOpenGraphAction.h in Headers */ = {isa = PBXBuildFile; fileRef = A5D12B7D1628DAE000CD4D8E /* FBOpenGraphAction.h */; };
		A5D12C051628DAE000CD4D8E /* FBPlacePickerCacheDescriptor.h in Headers */ = {isa = PBXBuildFile; fileRef = A5D12B7E1628DAE000CD4D8E /* FBPlacePickerCacheDescriptor.h */; };
		A5D12C061628DAE000CD4D8E /* FBPlacePickerCacheDescriptor.m in Sources */ = {isa = PBXBuildFile; fileRef = A5D12B7F1628DAE000CD4D8E /* FBPlacePickerCacheDescriptor.m */; };
		A5D12C071628DAE000CD4D8E /* FBPlacePickerViewController+Internal.h in Headers */ = {isa = PBXBuildFile; fileRef = A5D12B801628DAE000CD4D8E /* FBPlacePickerViewController+Internal.h */; };
		A5D12C081628DAE000CD4D8E /* FBPlacePickerViewController.h in Headers */ = {isa = PBXBuildFile; fileRef = A5D12B811628DAE000CD4D8E /* FBPlacePickerViewController.h */; };
		A5D12C091628DAE000CD4D8E /* FBPlacePickerViewController.m in Sources */ = {isa = PBXBuildFile; fileRef = A5D12B821628DAE000CD4D8E /* FBPlacePickerViewController.m */; };
		A5D12C0A1628DAE000CD4D8E /* FBProfilePictureView.h in Headers */ = {isa = PBXBuildFile; fileRef = A5D12B831628DAE000CD4D8E /* FBProfilePictureView.h */; };
		A5D12C0B1628DAE000CD4D8E /* FBProfilePictureView.m in Sources */ = {isa = PBXBuildFile; fileRef = A5D12B841628DAE000CD4D8E /* FBProfilePictureView.m */; };
		A5D12C0C1628DAE000CD4D8E /* FBRequest.h in Headers */ = {isa = PBXBuildFile; fileRef = A5D12B851628DAE000CD4D8E /* FBRequest.h */; };
		A5D12C0D1628DAE000CD4D8E /* FBRequest.m in Sources */ = {isa = PBXBuildFile; fileRef = A5D12B861628DAE000CD4D8E /* FBRequest.m */; };
		A5D12C0E1628DAE000CD4D8E /* FBRequestBody.h in Headers */ = {isa = PBXBuildFile; fileRef = A5D12B871628DAE000CD4D8E /* FBRequestBody.h */; };
		A5D12C0F1628DAE000CD4D8E /* FBRequestBody.m in Sources */ = {isa = PBXBuildFile; fileRef = A5D12B881628DAE000CD4D8E /* FBRequestBody.m */; };
		A5D12C101628DAE000CD4D8E /* FBRequestConnection+Internal.h in Headers */ = {isa = PBXBuildFile; fileRef = A5D12B891628DAE000CD4D8E /* FBRequestConnection+Internal.h */; };
		A5D12C111628DAE000CD4D8E /* FBRequestConnection.h in Headers */ = {isa = PBXBuildFile; fileRef = A5D12B8A1628DAE000CD4D8E /* FBRequestConnection.h */; };
		A5D12C121628DAE000CD4D8E /* FBRequestConnection.m in Sources */ = {isa = PBXBuildFile; fileRef = A5D12B8B1628DAE000CD4D8E /* FBRequestConnection.m */; };
		A5D12C141628DAE000CD4D8E /* FBSession+Internal.h in Headers */ = {isa = PBXBuildFile; fileRef = A5D12B8D1628DAE000CD4D8E /* FBSession+Internal.h */; };
		A5D12C151628DAE000CD4D8E /* FBSession+Protected.h in Headers */ = {isa = PBXBuildFile; fileRef = A5D12B8E1628DAE000CD4D8E /* FBSession+Protected.h */; };
		A5D12C161628DAE000CD4D8E /* FBSession.h in Headers */ = {isa = PBXBuildFile; fileRef = A5D12B8F1628DAE000CD4D8E /* FBSession.h */; };
		A5D12C171628DAE000CD4D8E /* FBSession.m in Sources */ = {isa = PBXBuildFile; fileRef = A5D12B901628DAE000CD4D8E /* FBSession.m */; };
		A5D12C181628DAE000CD4D8E /* FBSessionManualTokenCachingStrategy.h in Headers */ = {isa = PBXBuildFile; fileRef = A5D12B911628DAE000CD4D8E /* FBSessionManualTokenCachingStrategy.h */; };
		A5D12C191628DAE000CD4D8E /* FBSessionManualTokenCachingStrategy.m in Sources */ = {isa = PBXBuildFile; fileRef = A5D12B921628DAE000CD4D8E /* FBSessionManualTokenCachingStrategy.m */; };
		A5D12C1A1628DAE000CD4D8E /* FBSessionTokenCachingStrategy.h in Headers */ = {isa = PBXBuildFile; fileRef = A5D12B931628DAE000CD4D8E /* FBSessionTokenCachingStrategy.h */; };
		A5D12C1B1628DAE000CD4D8E /* FBSessionTokenCachingStrategy.m in Sources */ = {isa = PBXBuildFile; fileRef = A5D12B941628DAE000CD4D8E /* FBSessionTokenCachingStrategy.m */; };
		A5D12C1C1628DAE000CD4D8E /* FBSettings+Internal.h in Headers */ = {isa = PBXBuildFile; fileRef = A5D12B951628DAE000CD4D8E /* FBSettings+Internal.h */; };
		A5D12C1D1628DAE000CD4D8E /* FBSettings.h in Headers */ = {isa = PBXBuildFile; fileRef = A5D12B961628DAE000CD4D8E /* FBSettings.h */; };
		A5D12C1E1628DAE000CD4D8E /* FBSettings.m in Sources */ = {isa = PBXBuildFile; fileRef = A5D12B971628DAE000CD4D8E /* FBSettings.m */; };
		A5D12C1F1628DAE000CD4D8E /* FBTestSession+Internal.h in Headers */ = {isa = PBXBuildFile; fileRef = A5D12B981628DAE000CD4D8E /* FBTestSession+Internal.h */; };
		A5D12C201628DAE000CD4D8E /* FBTestSession.h in Headers */ = {isa = PBXBuildFile; fileRef = A5D12B991628DAE000CD4D8E /* FBTestSession.h */; };
		A5D12C211628DAE000CD4D8E /* FBTestSession.m in Sources */ = {isa = PBXBuildFile; fileRef = A5D12B9A1628DAE000CD4D8E /* FBTestSession.m */; };
		A5D12C221628DAE000CD4D8E /* FBURLConnection.h in Headers */ = {isa = PBXBuildFile; fileRef = A5D12B9B1628DAE000CD4D8E /* FBURLConnection.h */; };
		A5D12C231628DAE000CD4D8E /* FBURLConnection.m in Sources */ = {isa = PBXBuildFile; fileRef = A5D12B9C1628DAE000CD4D8E /* FBURLConnection.m */; };
		A5D12C241628DAE000CD4D8E /* FBUserSettingsViewController.h in Headers */ = {isa = PBXBuildFile; fileRef = A5D12B9D1628DAE000CD4D8E /* FBUserSettingsViewController.h */; };
		A5D12C251628DAE000CD4D8E /* FBUserSettingsViewController.m in Sources */ = {isa = PBXBuildFile; fileRef = A5D12B9E1628DAE000CD4D8E /* FBUserSettingsViewController.m */; };
		A5D12C261628DAE000CD4D8E /* FBUtility.h in Headers */ = {isa = PBXBuildFile; fileRef = A5D12BA01628DAE000CD4D8E /* FBUtility.h */; };
		A5D12C271628DAE000CD4D8E /* FBUtility.m in Sources */ = {isa = PBXBuildFile; fileRef = A5D12BA11628DAE000CD4D8E /* FBUtility.m */; };
		A5D12C281628DAE000CD4D8E /* FBViewController+Internal.h in Headers */ = {isa = PBXBuildFile; fileRef = A5D12BA21628DAE000CD4D8E /* FBViewController+Internal.h */; };
		A5D12C291628DAE000CD4D8E /* FBViewController.h in Headers */ = {isa = PBXBuildFile; fileRef = A5D12BA31628DAE000CD4D8E /* FBViewController.h */; };
		A5D12C2A1628DAE000CD4D8E /* FBViewController.m in Sources */ = {isa = PBXBuildFile; fileRef = A5D12BA41628DAE000CD4D8E /* FBViewController.m */; };
/* End PBXBuildFile section */

/* Begin PBXFileReference section */
		009AC4D21453648D001C38F5 /* libFacebookLib.a */ = {isa = PBXFileReference; explicitFileType = archive.ar; includeInIndex = 0; path = libFacebookLib.a; sourceTree = BUILT_PRODUCTS_DIR; };
		009AC4D51453648D001C38F5 /* Foundation.framework */ = {isa = PBXFileReference; lastKnownFileType = wrapper.framework; name = Foundation.framework; path = System/Library/Frameworks/Foundation.framework; sourceTree = SDKROOT; };
		A5674BAD1551FC9C0057176E /* FacebookLib.mm */ = {isa = PBXFileReference; fileEncoding = 4; lastKnownFileType = sourcecode.cpp.objcpp; path = FacebookLib.mm; sourceTree = SOURCE_ROOT; };
		A57500D51630C7F4007D5217 /* NativeLibrary.h */ = {isa = PBXFileReference; fileEncoding = 4; lastKnownFileType = sourcecode.c.h; path = NativeLibrary.h; sourceTree = "<group>"; };
		A57500D61630C7F4007D5217 /* NativeLibrary.m */ = {isa = PBXFileReference; fileEncoding = 4; lastKnownFileType = sourcecode.c.objc; path = NativeLibrary.m; sourceTree = "<group>"; };
		A58EA5F71631332700A161F2 /* FBNativeDialogs.h */ = {isa = PBXFileReference; fileEncoding = 4; lastKnownFileType = sourcecode.c.h; path = FBNativeDialogs.h; sourceTree = "<group>"; };
		A58EA5F81631332700A161F2 /* FBNativeDialogs.m */ = {isa = PBXFileReference; fileEncoding = 4; lastKnownFileType = sourcecode.c.objc; path = FBNativeDialogs.m; sourceTree = "<group>"; };
		A58EA5F91631332700A161F2 /* FBSDKVersion.h */ = {isa = PBXFileReference; fileEncoding = 4; lastKnownFileType = sourcecode.c.h; path = FBSDKVersion.h; sourceTree = "<group>"; };
		A58EA5FE163133C900A161F2 /* FBSBJSON.h */ = {isa = PBXFileReference; fileEncoding = 4; lastKnownFileType = sourcecode.c.h; path = FBSBJSON.h; sourceTree = "<group>"; };
		A58EA5FF163133C900A161F2 /* FBSBJSON.m */ = {isa = PBXFileReference; fileEncoding = 4; lastKnownFileType = sourcecode.c.objc; path = FBSBJSON.m; sourceTree = "<group>"; };
		A58EA600163133C900A161F2 /* FBSBJsonBase.h */ = {isa = PBXFileReference; fileEncoding = 4; lastKnownFileType = sourcecode.c.h; path = FBSBJsonBase.h; sourceTree = "<group>"; };
		A58EA601163133C900A161F2 /* FBSBJsonBase.m */ = {isa = PBXFileReference; fileEncoding = 4; lastKnownFileType = sourcecode.c.objc; path = FBSBJsonBase.m; sourceTree = "<group>"; };
		A58EA602163133C900A161F2 /* FBSBJsonParser.h */ = {isa = PBXFileReference; fileEncoding = 4; lastKnownFileType = sourcecode.c.h; path = FBSBJsonParser.h; sourceTree = "<group>"; };
		A58EA603163133C900A161F2 /* FBSBJsonParser.m */ = {isa = PBXFileReference; fileEncoding = 4; lastKnownFileType = sourcecode.c.objc; path = FBSBJsonParser.m; sourceTree = "<group>"; };
		A58EA604163133C900A161F2 /* FBSBJsonWriter.h */ = {isa = PBXFileReference; fileEncoding = 4; lastKnownFileType = sourcecode.c.h; path = FBSBJsonWriter.h; sourceTree = "<group>"; };
		A58EA605163133C900A161F2 /* FBSBJsonWriter.m */ = {isa = PBXFileReference; fileEncoding = 4; lastKnownFileType = sourcecode.c.objc; path = FBSBJsonWriter.m; sourceTree = "<group>"; };
		A5D12B511628DAE000CD4D8E /* Facebook.h */ = {isa = PBXFileReference; fileEncoding = 4; lastKnownFileType = sourcecode.c.h; path = Facebook.h; sourceTree = "<group>"; };
		A5D12B521628DAE000CD4D8E /* Facebook.m */ = {isa = PBXFileReference; fileEncoding = 4; lastKnownFileType = sourcecode.c.objc; path = Facebook.m; sourceTree = "<group>"; };
		A5D12B531628DAE000CD4D8E /* facebook_ios_sdk_Prefix.pch */ = {isa = PBXFileReference; fileEncoding = 4; lastKnownFileType = sourcecode.c.h; path = facebook_ios_sdk_Prefix.pch; sourceTree = "<group>"; };
		A5D12B541628DAE000CD4D8E /* FacebookSDK.h */ = {isa = PBXFileReference; fileEncoding = 4; lastKnownFileType = sourcecode.c.h; path = FacebookSDK.h; sourceTree = "<group>"; };
		A5D12B551628DAE000CD4D8E /* FacebookSDKResources.bundle */ = {isa = PBXFileReference; lastKnownFileType = "wrapper.plug-in"; path = FacebookSDKResources.bundle; sourceTree = "<group>"; };
		A5D12B561628DAE000CD4D8E /* FBCacheDescriptor.h */ = {isa = PBXFileReference; fileEncoding = 4; lastKnownFileType = sourcecode.c.h; path = FBCacheDescriptor.h; sourceTree = "<group>"; };
		A5D12B571628DAE000CD4D8E /* FBCacheDescriptor.m */ = {isa = PBXFileReference; fileEncoding = 4; lastKnownFileType = sourcecode.c.objc; path = FBCacheDescriptor.m; sourceTree = "<group>"; };
		A5D12B581628DAE000CD4D8E /* FBCacheIndex.h */ = {isa = PBXFileReference; fileEncoding = 4; lastKnownFileType = sourcecode.c.h; path = FBCacheIndex.h; sourceTree = "<group>"; };
		A5D12B591628DAE000CD4D8E /* FBCacheIndex.m */ = {isa = PBXFileReference; fileEncoding = 4; lastKnownFileType = sourcecode.c.objc; path = FBCacheIndex.m; sourceTree = "<group>"; };
		A5D12B5A1628DAE000CD4D8E /* FBConnect.h */ = {isa = PBXFileReference; fileEncoding = 4; lastKnownFileType = sourcecode.c.h; path = FBConnect.h; sourceTree = "<group>"; };
		A5D12B5B1628DAE000CD4D8E /* FBContentLink.h */ = {isa = PBXFileReference; fileEncoding = 4; lastKnownFileType = sourcecode.c.h; path = FBContentLink.h; sourceTree = "<group>"; };
		A5D12B5C1628DAE000CD4D8E /* FBContentLink.m */ = {isa = PBXFileReference; fileEncoding = 4; lastKnownFileType = sourcecode.c.objc; path = FBContentLink.m; sourceTree = "<group>"; };
		A5D12B5D1628DAE000CD4D8E /* FBDataDiskCache.h */ = {isa = PBXFileReference; fileEncoding = 4; lastKnownFileType = sourcecode.c.h; path = FBDataDiskCache.h; sourceTree = "<group>"; };
		A5D12B5E1628DAE000CD4D8E /* FBDataDiskCache.m */ = {isa = PBXFileReference; fileEncoding = 4; lastKnownFileType = sourcecode.c.objc; path = FBDataDiskCache.m; sourceTree = "<group>"; };
		A5D12B5F1628DAE000CD4D8E /* FBDialog.h */ = {isa = PBXFileReference; fileEncoding = 4; lastKnownFileType = sourcecode.c.h; path = FBDialog.h; sourceTree = "<group>"; };
		A5D12B601628DAE000CD4D8E /* FBDialog.m */ = {isa = PBXFileReference; fileEncoding = 4; lastKnownFileType = sourcecode.c.objc; path = FBDialog.m; sourceTree = "<group>"; };
		A5D12B611628DAE000CD4D8E /* FBError.h */ = {isa = PBXFileReference; fileEncoding = 4; lastKnownFileType = sourcecode.c.h; path = FBError.h; sourceTree = "<group>"; };
		A5D12B621628DAE000CD4D8E /* FBError.m */ = {isa = PBXFileReference; fileEncoding = 4; lastKnownFileType = sourcecode.c.objc; path = FBError.m; sourceTree = "<group>"; };
		A5D12B631628DAE000CD4D8E /* FBFrictionlessRequestSettings.h */ = {isa = PBXFileReference; fileEncoding = 4; lastKnownFileType = sourcecode.c.h; path = FBFrictionlessRequestSettings.h; sourceTree = "<group>"; };
		A5D12B641628DAE000CD4D8E /* FBFrictionlessRequestSettings.m */ = {isa = PBXFileReference; fileEncoding = 4; lastKnownFileType = sourcecode.c.objc; path = FBFrictionlessRequestSettings.m; sourceTree = "<group>"; };
		A5D12B651628DAE000CD4D8E /* FBFriendPickerCacheDescriptor.h */ = {isa = PBXFileReference; fileEncoding = 4; lastKnownFileType = sourcecode.c.h; path = FBFriendPickerCacheDescriptor.h; sourceTree = "<group>"; };
		A5D12B661628DAE000CD4D8E /* FBFriendPickerCacheDescriptor.m */ = {isa = PBXFileReference; fileEncoding = 4; lastKnownFileType = sourcecode.c.objc; path = FBFriendPickerCacheDescriptor.m; sourceTree = "<group>"; };
		A5D12B671628DAE000CD4D8E /* FBFriendPickerViewController+Internal.h */ = {isa = PBXFileReference; fileEncoding = 4; lastKnownFileType = sourcecode.c.h; path = "FBFriendPickerViewController+Internal.h"; sourceTree = "<group>"; };
		A5D12B681628DAE000CD4D8E /* FBFriendPickerViewController.h */ = {isa = PBXFileReference; fileEncoding = 4; lastKnownFileType = sourcecode.c.h; path = FBFriendPickerViewController.h; sourceTree = "<group>"; };
		A5D12B691628DAE000CD4D8E /* FBFriendPickerViewController.m */ = {isa = PBXFileReference; fileEncoding = 4; lastKnownFileType = sourcecode.c.objc; path = FBFriendPickerViewController.m; sourceTree = "<group>"; };
		A5D12B6A1628DAE000CD4D8E /* FBGraphLocation.h */ = {isa = PBXFileReference; fileEncoding = 4; lastKnownFileType = sourcecode.c.h; path = FBGraphLocation.h; sourceTree = "<group>"; };
		A5D12B6B1628DAE000CD4D8E /* FBGraphObject.h */ = {isa = PBXFileReference; fileEncoding = 4; lastKnownFileType = sourcecode.c.h; path = FBGraphObject.h; sourceTree = "<group>"; };
		A5D12B6C1628DAE000CD4D8E /* FBGraphObject.m */ = {isa = PBXFileReference; fileEncoding = 4; lastKnownFileType = sourcecode.c.objc; path = FBGraphObject.m; sourceTree = "<group>"; };
		A5D12B6D1628DAE000CD4D8E /* FBGraphObjectPagingLoader.h */ = {isa = PBXFileReference; fileEncoding = 4; lastKnownFileType = sourcecode.c.h; path = FBGraphObjectPagingLoader.h; sourceTree = "<group>"; };
		A5D12B6E1628DAE000CD4D8E /* FBGraphObjectPagingLoader.m */ = {isa = PBXFileReference; fileEncoding = 4; lastKnownFileType = sourcecode.c.objc; path = FBGraphObjectPagingLoader.m; sourceTree = "<group>"; };
		A5D12B6F1628DAE000CD4D8E /* FBGraphObjectTableCell.h */ = {isa = PBXFileReference; fileEncoding = 4; lastKnownFileType = sourcecode.c.h; path = FBGraphObjectTableCell.h; sourceTree = "<group>"; };
		A5D12B701628DAE000CD4D8E /* FBGraphObjectTableCell.m */ = {isa = PBXFileReference; fileEncoding = 4; lastKnownFileType = sourcecode.c.objc; path = FBGraphObjectTableCell.m; sourceTree = "<group>"; };
		A5D12B711628DAE000CD4D8E /* FBGraphObjectTableDataSource.h */ = {isa = PBXFileReference; fileEncoding = 4; lastKnownFileType = sourcecode.c.h; path = FBGraphObjectTableDataSource.h; sourceTree = "<group>"; };
		A5D12B721628DAE000CD4D8E /* FBGraphObjectTableDataSource.m */ = {isa = PBXFileReference; fileEncoding = 4; lastKnownFileType = sourcecode.c.objc; path = FBGraphObjectTableDataSource.m; sourceTree = "<group>"; };
		A5D12B731628DAE000CD4D8E /* FBGraphObjectTableSelection.h */ = {isa = PBXFileReference; fileEncoding = 4; lastKnownFileType = sourcecode.c.h; path = FBGraphObjectTableSelection.h; sourceTree = "<group>"; };
		A5D12B741628DAE000CD4D8E /* FBGraphObjectTableSelection.m */ = {isa = PBXFileReference; fileEncoding = 4; lastKnownFileType = sourcecode.c.objc; path = FBGraphObjectTableSelection.m; sourceTree = "<group>"; };
		A5D12B751628DAE000CD4D8E /* FBGraphPlace.h */ = {isa = PBXFileReference; fileEncoding = 4; lastKnownFileType = sourcecode.c.h; path = FBGraphPlace.h; sourceTree = "<group>"; };
		A5D12B761628DAE000CD4D8E /* FBGraphUser.h */ = {isa = PBXFileReference; fileEncoding = 4; lastKnownFileType = sourcecode.c.h; path = FBGraphUser.h; sourceTree = "<group>"; };
		A5D12B771628DAE000CD4D8E /* FBLogger.h */ = {isa = PBXFileReference; fileEncoding = 4; lastKnownFileType = sourcecode.c.h; path = FBLogger.h; sourceTree = "<group>"; };
		A5D12B781628DAE000CD4D8E /* FBLogger.m */ = {isa = PBXFileReference; fileEncoding = 4; lastKnownFileType = sourcecode.c.objc; path = FBLogger.m; sourceTree = "<group>"; };
		A5D12B791628DAE000CD4D8E /* FBLoginDialog.h */ = {isa = PBXFileReference; fileEncoding = 4; lastKnownFileType = sourcecode.c.h; path = FBLoginDialog.h; sourceTree = "<group>"; };
		A5D12B7A1628DAE000CD4D8E /* FBLoginDialog.m */ = {isa = PBXFileReference; fileEncoding = 4; lastKnownFileType = sourcecode.c.objc; path = FBLoginDialog.m; sourceTree = "<group>"; };
		A5D12B7B1628DAE000CD4D8E /* FBLoginView.h */ = {isa = PBXFileReference; fileEncoding = 4; lastKnownFileType = sourcecode.c.h; path = FBLoginView.h; sourceTree = "<group>"; };
		A5D12B7C1628DAE000CD4D8E /* FBLoginView.m */ = {isa = PBXFileReference; fileEncoding = 4; lastKnownFileType = sourcecode.c.objc; path = FBLoginView.m; sourceTree = "<group>"; };
		A5D12B7D1628DAE000CD4D8E /* FBOpenGraphAction.h */ = {isa = PBXFileReference; fileEncoding = 4; lastKnownFileType = sourcecode.c.h; path = FBOpenGraphAction.h; sourceTree = "<group>"; };
		A5D12B7E1628DAE000CD4D8E /* FBPlacePickerCacheDescriptor.h */ = {isa = PBXFileReference; fileEncoding = 4; lastKnownFileType = sourcecode.c.h; path = FBPlacePickerCacheDescriptor.h; sourceTree = "<group>"; };
		A5D12B7F1628DAE000CD4D8E /* FBPlacePickerCacheDescriptor.m */ = {isa = PBXFileReference; fileEncoding = 4; lastKnownFileType = sourcecode.c.objc; path = FBPlacePickerCacheDescriptor.m; sourceTree = "<group>"; };
		A5D12B801628DAE000CD4D8E /* FBPlacePickerViewController+Internal.h */ = {isa = PBXFileReference; fileEncoding = 4; lastKnownFileType = sourcecode.c.h; path = "FBPlacePickerViewController+Internal.h"; sourceTree = "<group>"; };
		A5D12B811628DAE000CD4D8E /* FBPlacePickerViewController.h */ = {isa = PBXFileReference; fileEncoding = 4; lastKnownFileType = sourcecode.c.h; path = FBPlacePickerViewController.h; sourceTree = "<group>"; };
		A5D12B821628DAE000CD4D8E /* FBPlacePickerViewController.m */ = {isa = PBXFileReference; fileEncoding = 4; lastKnownFileType = sourcecode.c.objc; path = FBPlacePickerViewController.m; sourceTree = "<group>"; };
		A5D12B831628DAE000CD4D8E /* FBProfilePictureView.h */ = {isa = PBXFileReference; fileEncoding = 4; lastKnownFileType = sourcecode.c.h; path = FBProfilePictureView.h; sourceTree = "<group>"; };
		A5D12B841628DAE000CD4D8E /* FBProfilePictureView.m */ = {isa = PBXFileReference; fileEncoding = 4; lastKnownFileType = sourcecode.c.objc; path = FBProfilePictureView.m; sourceTree = "<group>"; };
		A5D12B851628DAE000CD4D8E /* FBRequest.h */ = {isa = PBXFileReference; fileEncoding = 4; lastKnownFileType = sourcecode.c.h; path = FBRequest.h; sourceTree = "<group>"; };
		A5D12B861628DAE000CD4D8E /* FBRequest.m */ = {isa = PBXFileReference; fileEncoding = 4; lastKnownFileType = sourcecode.c.objc; path = FBRequest.m; sourceTree = "<group>"; };
		A5D12B871628DAE000CD4D8E /* FBRequestBody.h */ = {isa = PBXFileReference; fileEncoding = 4; lastKnownFileType = sourcecode.c.h; path = FBRequestBody.h; sourceTree = "<group>"; };
		A5D12B881628DAE000CD4D8E /* FBRequestBody.m */ = {isa = PBXFileReference; fileEncoding = 4; lastKnownFileType = sourcecode.c.objc; path = FBRequestBody.m; sourceTree = "<group>"; };
		A5D12B891628DAE000CD4D8E /* FBRequestConnection+Internal.h */ = {isa = PBXFileReference; fileEncoding = 4; lastKnownFileType = sourcecode.c.h; path = "FBRequestConnection+Internal.h"; sourceTree = "<group>"; };
		A5D12B8A1628DAE000CD4D8E /* FBRequestConnection.h */ = {isa = PBXFileReference; fileEncoding = 4; lastKnownFileType = sourcecode.c.h; path = FBRequestConnection.h; sourceTree = "<group>"; };
		A5D12B8B1628DAE000CD4D8E /* FBRequestConnection.m */ = {isa = PBXFileReference; fileEncoding = 4; lastKnownFileType = sourcecode.c.objc; path = FBRequestConnection.m; sourceTree = "<group>"; };
		A5D12B8D1628DAE000CD4D8E /* FBSession+Internal.h */ = {isa = PBXFileReference; fileEncoding = 4; lastKnownFileType = sourcecode.c.h; path = "FBSession+Internal.h"; sourceTree = "<group>"; };
		A5D12B8E1628DAE000CD4D8E /* FBSession+Protected.h */ = {isa = PBXFileReference; fileEncoding = 4; lastKnownFileType = sourcecode.c.h; path = "FBSession+Protected.h"; sourceTree = "<group>"; };
		A5D12B8F1628DAE000CD4D8E /* FBSession.h */ = {isa = PBXFileReference; fileEncoding = 4; lastKnownFileType = sourcecode.c.h; path = FBSession.h; sourceTree = "<group>"; };
		A5D12B901628DAE000CD4D8E /* FBSession.m */ = {isa = PBXFileReference; fileEncoding = 4; lastKnownFileType = sourcecode.c.objc; path = FBSession.m; sourceTree = "<group>"; };
		A5D12B911628DAE000CD4D8E /* FBSessionManualTokenCachingStrategy.h */ = {isa = PBXFileReference; fileEncoding = 4; lastKnownFileType = sourcecode.c.h; path = FBSessionManualTokenCachingStrategy.h; sourceTree = "<group>"; };
		A5D12B921628DAE000CD4D8E /* FBSessionManualTokenCachingStrategy.m */ = {isa = PBXFileReference; fileEncoding = 4; lastKnownFileType = sourcecode.c.objc; path = FBSessionManualTokenCachingStrategy.m; sourceTree = "<group>"; };
		A5D12B931628DAE000CD4D8E /* FBSessionTokenCachingStrategy.h */ = {isa = PBXFileReference; fileEncoding = 4; lastKnownFileType = sourcecode.c.h; path = FBSessionTokenCachingStrategy.h; sourceTree = "<group>"; };
		A5D12B941628DAE000CD4D8E /* FBSessionTokenCachingStrategy.m */ = {isa = PBXFileReference; fileEncoding = 4; lastKnownFileType = sourcecode.c.objc; path = FBSessionTokenCachingStrategy.m; sourceTree = "<group>"; };
		A5D12B951628DAE000CD4D8E /* FBSettings+Internal.h */ = {isa = PBXFileReference; fileEncoding = 4; lastKnownFileType = sourcecode.c.h; path = "FBSettings+Internal.h"; sourceTree = "<group>"; };
		A5D12B961628DAE000CD4D8E /* FBSettings.h */ = {isa = PBXFileReference; fileEncoding = 4; lastKnownFileType = sourcecode.c.h; path = FBSettings.h; sourceTree = "<group>"; };
		A5D12B971628DAE000CD4D8E /* FBSettings.m */ = {isa = PBXFileReference; fileEncoding = 4; lastKnownFileType = sourcecode.c.objc; path = FBSettings.m; sourceTree = "<group>"; };
		A5D12B981628DAE000CD4D8E /* FBTestSession+Internal.h */ = {isa = PBXFileReference; fileEncoding = 4; lastKnownFileType = sourcecode.c.h; path = "FBTestSession+Internal.h"; sourceTree = "<group>"; };
		A5D12B991628DAE000CD4D8E /* FBTestSession.h */ = {isa = PBXFileReference; fileEncoding = 4; lastKnownFileType = sourcecode.c.h; path = FBTestSession.h; sourceTree = "<group>"; };
		A5D12B9A1628DAE000CD4D8E /* FBTestSession.m */ = {isa = PBXFileReference; fileEncoding = 4; lastKnownFileType = sourcecode.c.objc; path = FBTestSession.m; sourceTree = "<group>"; };
		A5D12B9B1628DAE000CD4D8E /* FBURLConnection.h */ = {isa = PBXFileReference; fileEncoding = 4; lastKnownFileType = sourcecode.c.h; path = FBURLConnection.h; sourceTree = "<group>"; };
		A5D12B9C1628DAE000CD4D8E /* FBURLConnection.m */ = {isa = PBXFileReference; fileEncoding = 4; lastKnownFileType = sourcecode.c.objc; path = FBURLConnection.m; sourceTree = "<group>"; };
		A5D12B9D1628DAE000CD4D8E /* FBUserSettingsViewController.h */ = {isa = PBXFileReference; fileEncoding = 4; lastKnownFileType = sourcecode.c.h; path = FBUserSettingsViewController.h; sourceTree = "<group>"; };
		A5D12B9E1628DAE000CD4D8E /* FBUserSettingsViewController.m */ = {isa = PBXFileReference; fileEncoding = 4; lastKnownFileType = sourcecode.c.objc; path = FBUserSettingsViewController.m; sourceTree = "<group>"; };
		A5D12B9F1628DAE000CD4D8E /* FBUserSettingsViewResources.bundle */ = {isa = PBXFileReference; lastKnownFileType = "wrapper.plug-in"; path = FBUserSettingsViewResources.bundle; sourceTree = "<group>"; };
		A5D12BA01628DAE000CD4D8E /* FBUtility.h */ = {isa = PBXFileReference; fileEncoding = 4; lastKnownFileType = sourcecode.c.h; path = FBUtility.h; sourceTree = "<group>"; };
		A5D12BA11628DAE000CD4D8E /* FBUtility.m */ = {isa = PBXFileReference; fileEncoding = 4; lastKnownFileType = sourcecode.c.objc; path = FBUtility.m; sourceTree = "<group>"; };
		A5D12BA21628DAE000CD4D8E /* FBViewController+Internal.h */ = {isa = PBXFileReference; fileEncoding = 4; lastKnownFileType = sourcecode.c.h; path = "FBViewController+Internal.h"; sourceTree = "<group>"; };
		A5D12BA31628DAE000CD4D8E /* FBViewController.h */ = {isa = PBXFileReference; fileEncoding = 4; lastKnownFileType = sourcecode.c.h; path = FBViewController.h; sourceTree = "<group>"; };
		A5D12BA41628DAE000CD4D8E /* FBViewController.m */ = {isa = PBXFileReference; fileEncoding = 4; lastKnownFileType = sourcecode.c.objc; path = FBViewController.m; sourceTree = "<group>"; };
/* End PBXFileReference section */

/* Begin PBXFrameworksBuildPhase section */
		009AC4CF1453648D001C38F5 /* Frameworks */ = {
			isa = PBXFrameworksBuildPhase;
			buildActionMask = 2147483647;
			files = (
				009AC4D61453648D001C38F5 /* Foundation.framework in Frameworks */,
			);
			runOnlyForDeploymentPostprocessing = 0;
		};
/* End PBXFrameworksBuildPhase section */

/* Begin PBXGroup section */
		009AC4C71453648D001C38F5 = {
			isa = PBXGroup;
			children = (
				A57500D41630C7F4007D5217 /* ios */,
				A5D12B4D1628DAE000CD4D8E /* fb */,
				A5674BAD1551FC9C0057176E /* FacebookLib.mm */,
				009AC4D41453648D001C38F5 /* Frameworks */,
				009AC4D31453648D001C38F5 /* Products */,
			);
			sourceTree = "<group>";
		};
		009AC4D31453648D001C38F5 /* Products */ = {
			isa = PBXGroup;
			children = (
				009AC4D21453648D001C38F5 /* libFacebookLib.a */,
			);
			name = Products;
			sourceTree = "<group>";
		};
		009AC4D41453648D001C38F5 /* Frameworks */ = {
			isa = PBXGroup;
			children = (
				009AC4D51453648D001C38F5 /* Foundation.framework */,
			);
			name = Frameworks;
			sourceTree = "<group>";
		};
		A57500D41630C7F4007D5217 /* ios */ = {
			isa = PBXGroup;
			children = (
				A57500D51630C7F4007D5217 /* NativeLibrary.h */,
				A57500D61630C7F4007D5217 /* NativeLibrary.m */,
			);
			name = ios;
			path = ../../lib/ane/src/ios;
			sourceTree = "<group>";
		};
		A5D12B4D1628DAE000CD4D8E /* fb */ = {
			isa = PBXGroup;
			children = (
				A58EA5F71631332700A161F2 /* FBNativeDialogs.h */,
				A58EA5F81631332700A161F2 /* FBNativeDialogs.m */,
				A58EA5F91631332700A161F2 /* FBSDKVersion.h */,
				A5D12B511628DAE000CD4D8E /* Facebook.h */,
				A5D12B521628DAE000CD4D8E /* Facebook.m */,
				A5D12B531628DAE000CD4D8E /* facebook_ios_sdk_Prefix.pch */,
				A5D12B541628DAE000CD4D8E /* FacebookSDK.h */,
				A5D12B551628DAE000CD4D8E /* FacebookSDKResources.bundle */,
				A5D12B561628DAE000CD4D8E /* FBCacheDescriptor.h */,
				A5D12B571628DAE000CD4D8E /* FBCacheDescriptor.m */,
				A5D12B581628DAE000CD4D8E /* FBCacheIndex.h */,
				A5D12B591628DAE000CD4D8E /* FBCacheIndex.m */,
				A5D12B5A1628DAE000CD4D8E /* FBConnect.h */,
				A5D12B5B1628DAE000CD4D8E /* FBContentLink.h */,
				A5D12B5C1628DAE000CD4D8E /* FBContentLink.m */,
				A5D12B5D1628DAE000CD4D8E /* FBDataDiskCache.h */,
				A5D12B5E1628DAE000CD4D8E /* FBDataDiskCache.m */,
				A5D12B5F1628DAE000CD4D8E /* FBDialog.h */,
				A5D12B601628DAE000CD4D8E /* FBDialog.m */,
				A5D12B611628DAE000CD4D8E /* FBError.h */,
				A5D12B621628DAE000CD4D8E /* FBError.m */,
				A5D12B631628DAE000CD4D8E /* FBFrictionlessRequestSettings.h */,
				A5D12B641628DAE000CD4D8E /* FBFrictionlessRequestSettings.m */,
				A5D12B651628DAE000CD4D8E /* FBFriendPickerCacheDescriptor.h */,
				A5D12B661628DAE000CD4D8E /* FBFriendPickerCacheDescriptor.m */,
				A5D12B671628DAE000CD4D8E /* FBFriendPickerViewController+Internal.h */,
				A5D12B681628DAE000CD4D8E /* FBFriendPickerViewController.h */,
				A5D12B691628DAE000CD4D8E /* FBFriendPickerViewController.m */,
				A5D12B6A1628DAE000CD4D8E /* FBGraphLocation.h */,
				A5D12B6B1628DAE000CD4D8E /* FBGraphObject.h */,
				A5D12B6C1628DAE000CD4D8E /* FBGraphObject.m */,
				A5D12B6D1628DAE000CD4D8E /* FBGraphObjectPagingLoader.h */,
				A5D12B6E1628DAE000CD4D8E /* FBGraphObjectPagingLoader.m */,
				A5D12B6F1628DAE000CD4D8E /* FBGraphObjectTableCell.h */,
				A5D12B701628DAE000CD4D8E /* FBGraphObjectTableCell.m */,
				A5D12B711628DAE000CD4D8E /* FBGraphObjectTableDataSource.h */,
				A5D12B721628DAE000CD4D8E /* FBGraphObjectTableDataSource.m */,
				A5D12B731628DAE000CD4D8E /* FBGraphObjectTableSelection.h */,
				A5D12B741628DAE000CD4D8E /* FBGraphObjectTableSelection.m */,
				A5D12B751628DAE000CD4D8E /* FBGraphPlace.h */,
				A5D12B761628DAE000CD4D8E /* FBGraphUser.h */,
				A5D12B771628DAE000CD4D8E /* FBLogger.h */,
				A5D12B781628DAE000CD4D8E /* FBLogger.m */,
				A5D12B791628DAE000CD4D8E /* FBLoginDialog.h */,
				A5D12B7A1628DAE000CD4D8E /* FBLoginDialog.m */,
				A5D12B7B1628DAE000CD4D8E /* FBLoginView.h */,
				A5D12B7C1628DAE000CD4D8E /* FBLoginView.m */,
				A5D12B7D1628DAE000CD4D8E /* FBOpenGraphAction.h */,
				A5D12B7E1628DAE000CD4D8E /* FBPlacePickerCacheDescriptor.h */,
				A5D12B7F1628DAE000CD4D8E /* FBPlacePickerCacheDescriptor.m */,
				A5D12B801628DAE000CD4D8E /* FBPlacePickerViewController+Internal.h */,
				A5D12B811628DAE000CD4D8E /* FBPlacePickerViewController.h */,
				A5D12B821628DAE000CD4D8E /* FBPlacePickerViewController.m */,
				A5D12B831628DAE000CD4D8E /* FBProfilePictureView.h */,
				A5D12B841628DAE000CD4D8E /* FBProfilePictureView.m */,
				A5D12B851628DAE000CD4D8E /* FBRequest.h */,
				A5D12B861628DAE000CD4D8E /* FBRequest.m */,
				A5D12B871628DAE000CD4D8E /* FBRequestBody.h */,
				A5D12B881628DAE000CD4D8E /* FBRequestBody.m */,
				A5D12B891628DAE000CD4D8E /* FBRequestConnection+Internal.h */,
				A5D12B8A1628DAE000CD4D8E /* FBRequestConnection.h */,
				A5D12B8B1628DAE000CD4D8E /* FBRequestConnection.m */,
				A5D12B8D1628DAE000CD4D8E /* FBSession+Internal.h */,
				A5D12B8E1628DAE000CD4D8E /* FBSession+Protected.h */,
				A5D12B8F1628DAE000CD4D8E /* FBSession.h */,
				A5D12B901628DAE000CD4D8E /* FBSession.m */,
				A5D12B911628DAE000CD4D8E /* FBSessionManualTokenCachingStrategy.h */,
				A5D12B921628DAE000CD4D8E /* FBSessionManualTokenCachingStrategy.m */,
				A5D12B931628DAE000CD4D8E /* FBSessionTokenCachingStrategy.h */,
				A5D12B941628DAE000CD4D8E /* FBSessionTokenCachingStrategy.m */,
				A5D12B951628DAE000CD4D8E /* FBSettings+Internal.h */,
				A5D12B961628DAE000CD4D8E /* FBSettings.h */,
				A5D12B971628DAE000CD4D8E /* FBSettings.m */,
				A5D12B981628DAE000CD4D8E /* FBTestSession+Internal.h */,
				A5D12B991628DAE000CD4D8E /* FBTestSession.h */,
				A5D12B9A1628DAE000CD4D8E /* FBTestSession.m */,
				A5D12B9B1628DAE000CD4D8E /* FBURLConnection.h */,
				A5D12B9C1628DAE000CD4D8E /* FBURLConnection.m */,
				A5D12B9D1628DAE000CD4D8E /* FBUserSettingsViewController.h */,
				A5D12B9E1628DAE000CD4D8E /* FBUserSettingsViewController.m */,
				A5D12B9F1628DAE000CD4D8E /* FBUserSettingsViewResources.bundle */,
				A5D12BA01628DAE000CD4D8E /* FBUtility.h */,
				A5D12BA11628DAE000CD4D8E /* FBUtility.m */,
				A5D12BA21628DAE000CD4D8E /* FBViewController+Internal.h */,
				A5D12BA31628DAE000CD4D8E /* FBViewController.h */,
				A5D12BA41628DAE000CD4D8E /* FBViewController.m */,
				A5D12BA81628DAE000CD4D8E /* JSON */,
			);
			name = fb;
			path = "../../lib/facebook-ios-sdk/src";
			sourceTree = "<group>";
		};
		A5D12BA81628DAE000CD4D8E /* JSON */ = {
			isa = PBXGroup;
			children = (
				A58EA5FE163133C900A161F2 /* FBSBJSON.h */,
				A58EA5FF163133C900A161F2 /* FBSBJSON.m */,
				A58EA600163133C900A161F2 /* FBSBJsonBase.h */,
				A58EA601163133C900A161F2 /* FBSBJsonBase.m */,
				A58EA602163133C900A161F2 /* FBSBJsonParser.h */,
				A58EA603163133C900A161F2 /* FBSBJsonParser.m */,
				A58EA604163133C900A161F2 /* FBSBJsonWriter.h */,
				A58EA605163133C900A161F2 /* FBSBJsonWriter.m */,
			);
			path = JSON;
			sourceTree = "<group>";
		};
/* End PBXGroup section */

/* Begin PBXHeadersBuildPhase section */
		009AC4D01453648D001C38F5 /* Headers */ = {
			isa = PBXHeadersBuildPhase;
			buildActionMask = 2147483647;
			files = (
				A5D12BD91628DAE000CD4D8E /* Facebook.h in Headers */,
				A5D12BDB1628DAE000CD4D8E /* facebook_ios_sdk_Prefix.pch in Headers */,
				A5D12BDC1628DAE000CD4D8E /* FacebookSDK.h in Headers */,
				A5D12BDD1628DAE000CD4D8E /* FBCacheDescriptor.h in Headers */,
				A5D12BDF1628DAE000CD4D8E /* FBCacheIndex.h in Headers */,
				A5D12BE11628DAE000CD4D8E /* FBConnect.h in Headers */,
				A5D12BE21628DAE000CD4D8E /* FBContentLink.h in Headers */,
				A5D12BE41628DAE000CD4D8E /* FBDataDiskCache.h in Headers */,
				A5D12BE61628DAE000CD4D8E /* FBDialog.h in Headers */,
				A5D12BE81628DAE000CD4D8E /* FBError.h in Headers */,
				A5D12BEA1628DAE000CD4D8E /* FBFrictionlessRequestSettings.h in Headers */,
				A5D12BEC1628DAE000CD4D8E /* FBFriendPickerCacheDescriptor.h in Headers */,
				A5D12BEE1628DAE000CD4D8E /* FBFriendPickerViewController+Internal.h in Headers */,
				A5D12BEF1628DAE000CD4D8E /* FBFriendPickerViewController.h in Headers */,
				A5D12BF11628DAE000CD4D8E /* FBGraphLocation.h in Headers */,
				A5D12BF21628DAE000CD4D8E /* FBGraphObject.h in Headers */,
				A5D12BF41628DAE000CD4D8E /* FBGraphObjectPagingLoader.h in Headers */,
				A5D12BF61628DAE000CD4D8E /* FBGraphObjectTableCell.h in Headers */,
				A5D12BF81628DAE000CD4D8E /* FBGraphObjectTableDataSource.h in Headers */,
				A5D12BFA1628DAE000CD4D8E /* FBGraphObjectTableSelection.h in Headers */,
				A5D12BFC1628DAE000CD4D8E /* FBGraphPlace.h in Headers */,
				A5D12BFD1628DAE000CD4D8E /* FBGraphUser.h in Headers */,
				A5D12BFE1628DAE000CD4D8E /* FBLogger.h in Headers */,
				A5D12C001628DAE000CD4D8E /* FBLoginDialog.h in Headers */,
				A5D12C021628DAE000CD4D8E /* FBLoginView.h in Headers */,
				A5D12C041628DAE000CD4D8E /* FBOpenGraphAction.h in Headers */,
				A5D12C051628DAE000CD4D8E /* FBPlacePickerCacheDescriptor.h in Headers */,
				A5D12C071628DAE000CD4D8E /* FBPlacePickerViewController+Internal.h in Headers */,
				A5D12C081628DAE000CD4D8E /* FBPlacePickerViewController.h in Headers */,
				A5D12C0A1628DAE000CD4D8E /* FBProfilePictureView.h in Headers */,
				A5D12C0C1628DAE000CD4D8E /* FBRequest.h in Headers */,
				A5D12C0E1628DAE000CD4D8E /* FBRequestBody.h in Headers */,
				A5D12C101628DAE000CD4D8E /* FBRequestConnection+Internal.h in Headers */,
				A5D12C111628DAE000CD4D8E /* FBRequestConnection.h in Headers */,
				A5D12C141628DAE000CD4D8E /* FBSession+Internal.h in Headers */,
				A5D12C151628DAE000CD4D8E /* FBSession+Protected.h in Headers */,
				A5D12C161628DAE000CD4D8E /* FBSession.h in Headers */,
				A5D12C181628DAE000CD4D8E /* FBSessionManualTokenCachingStrategy.h in Headers */,
				A5D12C1A1628DAE000CD4D8E /* FBSessionTokenCachingStrategy.h in Headers */,
				A5D12C1C1628DAE000CD4D8E /* FBSettings+Internal.h in Headers */,
				A5D12C1D1628DAE000CD4D8E /* FBSettings.h in Headers */,
				A5D12C1F1628DAE000CD4D8E /* FBTestSession+Internal.h in Headers */,
				A5D12C201628DAE000CD4D8E /* FBTestSession.h in Headers */,
				A5D12C221628DAE000CD4D8E /* FBURLConnection.h in Headers */,
				A5D12C241628DAE000CD4D8E /* FBUserSettingsViewController.h in Headers */,
				A5D12C261628DAE000CD4D8E /* FBUtility.h in Headers */,
				A5D12C281628DAE000CD4D8E /* FBViewController+Internal.h in Headers */,
				A5D12C291628DAE000CD4D8E /* FBViewController.h in Headers */,
				A57500D81630C7F4007D5217 /* NativeLibrary.h in Headers */,
				A58EA5FA1631332700A161F2 /* FBNativeDialogs.h in Headers */,
				A58EA5FC1631332700A161F2 /* FBSDKVersion.h in Headers */,
				A58EA606163133C900A161F2 /* FBSBJSON.h in Headers */,
				A58EA608163133C900A161F2 /* FBSBJsonBase.h in Headers */,
				A58EA60A163133C900A161F2 /* FBSBJsonParser.h in Headers */,
				A58EA60C163133C900A161F2 /* FBSBJsonWriter.h in Headers */,
			);
			runOnlyForDeploymentPostprocessing = 0;
		};
/* End PBXHeadersBuildPhase section */

/* Begin PBXNativeTarget section */
		009AC4D11453648D001C38F5 /* FacebookLib */ = {
			isa = PBXNativeTarget;
			buildConfigurationList = 009AC4DF1453648D001C38F5 /* Build configuration list for PBXNativeTarget "FacebookLib" */;
			buildPhases = (
				009AC4CE1453648D001C38F5 /* Sources */,
				009AC4CF1453648D001C38F5 /* Frameworks */,
				009AC4D01453648D001C38F5 /* Headers */,
			);
			buildRules = (
			);
			dependencies = (
			);
			name = FacebookLib;
			productName = Facebook;
			productReference = 009AC4D21453648D001C38F5 /* libFacebookLib.a */;
			productType = "com.apple.product-type.library.static";
		};
/* End PBXNativeTarget section */

/* Begin PBXProject section */
		009AC4C91453648D001C38F5 /* Project object */ = {
			isa = PBXProject;
			attributes = {
				LastUpgradeCheck = 0430;
			};
			buildConfigurationList = 009AC4CC1453648D001C38F5 /* Build configuration list for PBXProject "Facebook" */;
			compatibilityVersion = "Xcode 3.2";
			developmentRegion = English;
			hasScannedForEncodings = 0;
			knownRegions = (
				en,
			);
			mainGroup = 009AC4C71453648D001C38F5;
			productRefGroup = 009AC4D31453648D001C38F5 /* Products */;
			projectDirPath = "";
			projectRoot = "";
			targets = (
				009AC4D11453648D001C38F5 /* FacebookLib */,
			);
		};
/* End PBXProject section */

/* Begin PBXSourcesBuildPhase section */
		009AC4CE1453648D001C38F5 /* Sources */ = {
			isa = PBXSourcesBuildPhase;
			buildActionMask = 2147483647;
			files = (
				A5674BAE1551FC9C0057176E /* FacebookLib.mm in Sources */,
				A5D12BDA1628DAE000CD4D8E /* Facebook.m in Sources */,
				A5D12BDE1628DAE000CD4D8E /* FBCacheDescriptor.m in Sources */,
				A5D12BE01628DAE000CD4D8E /* FBCacheIndex.m in Sources */,
				A5D12BE31628DAE000CD4D8E /* FBContentLink.m in Sources */,
				A5D12BE51628DAE000CD4D8E /* FBDataDiskCache.m in Sources */,
				A5D12BE71628DAE000CD4D8E /* FBDialog.m in Sources */,
				A5D12BE91628DAE000CD4D8E /* FBError.m in Sources */,
				A5D12BEB1628DAE000CD4D8E /* FBFrictionlessRequestSettings.m in Sources */,
				A5D12BED1628DAE000CD4D8E /* FBFriendPickerCacheDescriptor.m in Sources */,
				A5D12BF01628DAE000CD4D8E /* FBFriendPickerViewController.m in Sources */,
				A5D12BF31628DAE000CD4D8E /* FBGraphObject.m in Sources */,
				A5D12BF51628DAE000CD4D8E /* FBGraphObjectPagingLoader.m in Sources */,
				A5D12BF71628DAE000CD4D8E /* FBGraphObjectTableCell.m in Sources */,
				A5D12BF91628DAE000CD4D8E /* FBGraphObjectTableDataSource.m in Sources */,
				A5D12BFB1628DAE000CD4D8E /* FBGraphObjectTableSelection.m in Sources */,
				A5D12BFF1628DAE000CD4D8E /* FBLogger.m in Sources */,
				A5D12C011628DAE000CD4D8E /* FBLoginDialog.m in Sources */,
				A5D12C031628DAE000CD4D8E /* FBLoginView.m in Sources */,
				A5D12C061628DAE000CD4D8E /* FBPlacePickerCacheDescriptor.m in Sources */,
				A5D12C091628DAE000CD4D8E /* FBPlacePickerViewController.m in Sources */,
				A5D12C0B1628DAE000CD4D8E /* FBProfilePictureView.m in Sources */,
				A5D12C0D1628DAE000CD4D8E /* FBRequest.m in Sources */,
				A5D12C0F1628DAE000CD4D8E /* FBRequestBody.m in Sources */,
				A5D12C121628DAE000CD4D8E /* FBRequestConnection.m in Sources */,
				A5D12C171628DAE000CD4D8E /* FBSession.m in Sources */,
				A5D12C191628DAE000CD4D8E /* FBSessionManualTokenCachingStrategy.m in Sources */,
				A5D12C1B1628DAE000CD4D8E /* FBSessionTokenCachingStrategy.m in Sources */,
				A5D12C1E1628DAE000CD4D8E /* FBSettings.m in Sources */,
				A5D12C211628DAE000CD4D8E /* FBTestSession.m in Sources */,
				A5D12C231628DAE000CD4D8E /* FBURLConnection.m in Sources */,
				A5D12C251628DAE000CD4D8E /* FBUserSettingsViewController.m in Sources */,
				A5D12C271628DAE000CD4D8E /* FBUtility.m in Sources */,
				A5D12C2A1628DAE000CD4D8E /* FBViewController.m in Sources */,
				A57500D91630C7F4007D5217 /* NativeLibrary.m in Sources */,
				A58EA5FB1631332700A161F2 /* FBNativeDialogs.m in Sources */,
				A58EA607163133C900A161F2 /* FBSBJSON.m in Sources */,
				A58EA609163133C900A161F2 /* FBSBJsonBase.m in Sources */,
				A58EA60B163133C900A161F2 /* FBSBJsonParser.m in Sources */,
				A58EA60D163133C900A161F2 /* FBSBJsonWriter.m in Sources */,
			);
			runOnlyForDeploymentPostprocessing = 0;
		};
/* End PBXSourcesBuildPhase section */

/* Begin XCBuildConfiguration section */
		009AC4DD1453648D001C38F5 /* Debug */ = {
			isa = XCBuildConfiguration;
			buildSettings = {
				ALWAYS_SEARCH_USER_PATHS = NO;
				ARCHS = "$(ARCHS_STANDARD_32_BIT)";
				CLANG_ENABLE_OBJC_ARC = YES;
				COPY_PHASE_STRIP = NO;
				GCC_C_LANGUAGE_STANDARD = gnu99;
				GCC_DYNAMIC_NO_PIC = NO;
				GCC_OPTIMIZATION_LEVEL = 0;
				GCC_PREPROCESSOR_DEFINITIONS = (
					"DEBUG=1",
					"$(inherited)",
				);
				GCC_SYMBOLS_PRIVATE_EXTERN = NO;
				GCC_VERSION = com.apple.compilers.llvm.clang.1_0;
				GCC_WARN_ABOUT_MISSING_PROTOTYPES = YES;
				GCC_WARN_ABOUT_RETURN_TYPE = YES;
				GCC_WARN_UNUSED_VARIABLE = YES;
				HEADER_SEARCH_PATHS = "$(FLEX_SDK)/include";
				IPHONEOS_DEPLOYMENT_TARGET = 5.0;
				SDKROOT = iphoneos;
			};
			name = Debug;
		};
		009AC4DE1453648D001C38F5 /* Release */ = {
			isa = XCBuildConfiguration;
			buildSettings = {
				ALWAYS_SEARCH_USER_PATHS = NO;
				ARCHS = "$(ARCHS_STANDARD_32_BIT)";
				CLANG_ENABLE_OBJC_ARC = YES;
				COPY_PHASE_STRIP = YES;
				GCC_C_LANGUAGE_STANDARD = gnu99;
				GCC_VERSION = com.apple.compilers.llvm.clang.1_0;
				GCC_WARN_ABOUT_MISSING_PROTOTYPES = YES;
				GCC_WARN_ABOUT_RETURN_TYPE = YES;
				GCC_WARN_UNUSED_VARIABLE = YES;
				HEADER_SEARCH_PATHS = "$(FLEX_SDK)/include";
				IPHONEOS_DEPLOYMENT_TARGET = 5.0;
				SDKROOT = iphoneos;
				VALIDATE_PRODUCT = YES;
			};
			name = Release;
		};
		009AC4E01453648D001C38F5 /* Debug */ = {
			isa = XCBuildConfiguration;
			buildSettings = {
				CLANG_ENABLE_OBJC_ARC = NO;
				DSTROOT = "";
				GCC_WARN_ABOUT_MISSING_PROTOTYPES = NO;
				IPHONEOS_DEPLOYMENT_TARGET = 4.2;
				OTHER_LDFLAGS = "-ObjC";
				PRODUCT_NAME = FacebookLib;
				SKIP_INSTALL = YES;
				TARGETED_DEVICE_FAMILY = "1,2";
			};
			name = Debug;
		};
		009AC4E11453648D001C38F5 /* Release */ = {
			isa = XCBuildConfiguration;
			buildSettings = {
				CLANG_ENABLE_OBJC_ARC = NO;
				DSTROOT = "";
				GCC_WARN_ABOUT_MISSING_PROTOTYPES = NO;
				IPHONEOS_DEPLOYMENT_TARGET = 4.2;
				OTHER_LDFLAGS = "-ObjC";
				PRODUCT_NAME = FacebookLib;
				SKIP_INSTALL = YES;
				TARGETED_DEVICE_FAMILY = "1,2";
			};
			name = Release;
		};
/* End XCBuildConfiguration section */

/* Begin XCConfigurationList section */
		009AC4CC1453648D001C38F5 /* Build configuration list for PBXProject "Facebook" */ = {
			isa = XCConfigurationList;
			buildConfigurations = (
				009AC4DD1453648D001C38F5 /* Debug */,
				009AC4DE1453648D001C38F5 /* Release */,
			);
			defaultConfigurationIsVisible = 0;
			defaultConfigurationName = Release;
		};
		009AC4DF1453648D001C38F5 /* Build configuration list for PBXNativeTarget "FacebookLib" */ = {
			isa = XCConfigurationList;
			buildConfigurations = (
				009AC4E01453648D001C38F5 /* Debug */,
				009AC4E11453648D001C38F5 /* Release */,
			);
			defaultConfigurationIsVisible = 0;
			defaultConfigurationName = Release;
		};
/* End XCConfigurationList section */
	};
	rootObject = 009AC4C91453648D001C38F5 /* Project object */;
}
